
Microsoft Visual Studio Solution File, Format Version 12.00
# Visual Studio Version 16
VisualStudioVersion = 16.0.31019.35
MinimumVisualStudioVersion = 10.0.40219.1
Project("{9A19103F-16F7-4668-BE54-9A1E7A4F7556}") = "Web", "Web.csproj", "{D15562D9-7FEE-4D76-B057-A40D2CBEC326}"
EndProject
Global
	GlobalSection(SolutionConfigurationPlatforms) = preSolution
		Debug|Any CPU = Debug|Any CPU
		Release|Any CPU = Release|Any CPU
	EndGlobalSection
	GlobalSection(ProjectConfigurationPlatforms) = postSolution
		{D15562D9-7FEE-4D76-B057-A40D2CBEC326}.Debug|Any CPU.ActiveCfg = Debug|Any CPU
		{D15562D9-7FEE-4D76-B057-A40D2CBEC326}.Debug|Any CPU.Build.0 = Debug|Any CPU
		{D15562D9-7FEE-4D76-B057-A40D2CBEC326}.Release|Any CPU.ActiveCfg = Release|Any CPU
		{D15562D9-7FEE-4D76-B057-A40D2CBEC326}.Release|Any CPU.Build.0 = Release|Any CPU
	EndGlobalSection
	GlobalSection(SolutionProperties) = preSolution
		HideSolutionNode = FALSE
	EndGlobalSection
	GlobalSection(ExtensibilityGlobals) = postSolution
		SolutionGuid = {1DC78674-5F13-4719-B9FB-0E3C23B113FC}
	EndGlobalSection
EndGlobal
